Microsoft Visual Studio Solution File, Format Version 12.00
# Visual Studio Version 17
VisualStudioVersion = 17.13.35931.197
MinimumVisualStudioVersion = 10.0.40219.1

Project("{FAE04EC0-301F-11D3-BF4B-00C04F79EFBC}") = "EasyDockerFile", "EasyDockerFile\EasyDockerFile.csproj", "{C9370506-CCF5-4C09-B5DE-6372EA337D98}"
EndProject


Global
	GlobalSection(SolutionConfigurationPlatforms) = preSolution
		Debug|Any CPU = Debug|Any CPU
		Release|Any CPU = Release|Any CPU
	EndGlobalSection
	GlobalSection(ProjectConfigurationPlatforms) = postSolution
		{C9370506-CCF5-4C09-B5DE-6372EA337D98}.Debug|Any CPU.ActiveCfg = Debug|Any CPU
		{C9370506-CCF5-4C09-B5DE-6372EA337D98}.Debug|Any CPU.Build.0 = Debug|Any CPU
		{C9370506-CCF5-4C09-B5DE-6372EA337D98}.Release|Any CPU.ActiveCfg = Release|Any CPU
		{C9370506-CCF5-4C09-B5DE-6372EA337D98}.Release|Any CPU.Build.0 = Release|Any CPU
		
		{FA0CC477-8203-4578-A832-9FB90C92B5F1}.Debug|Any CPU.ActiveCfg = Debug|Any CPU
		{FA0CC477-8203-4578-A832-9FB90C92B5F1}.Debug|Any CPU.Build.0 = Debug|Any CPU
		{FA0CC477-8203-4578-A832-9FB90C92B5F1}.Release|Any CPU.ActiveCfg = Release|Any CPU
		{FA0CC477-8203-4578-A832-9FB90C92B5F1}.Release|Any CPU.Build.0 = Release|Any CPU

	EndGlobalSection
	GlobalSection(SolutionProperties) = preSolution
		HideSolutionNode = FALSE
	EndGlobalSection
	GlobalSection(ExtensibilityGlobals) = postSolution
		SolutionGuid = {AB02D9BD-5149-46F6-BCBE-D795D1D7FE1B}
	EndGlobalSection
EndGlobal